
Microsoft Visual Studio Solution File, Format Version 12.00
# Visual Studio Version 16
VisualStudioVersion = 16.0.31229.75
MinimumVisualStudioVersion = 10.0.40219.1
Project("{9A19103F-16F7-4668-BE54-9A1E7A4F7556}") = "SistemaDatos", "SistemaDatos.csproj", "{C4077BFC-5990-4D4D-9B76-1749403F2A2E}"
EndProject
Project("{9A19103F-16F7-4668-BE54-9A1E7A4F7556}") = "SistemaEntidades", "..\SistemaEntidades\SistemaEntidades.csproj", "{58B50D2B-0963-4556-B212-962937C77916}"
EndProject
Project("{9A19103F-16F7-4668-BE54-9A1E7A4F7556}") = "SistemaNegocio", "..\SistemaNegocio\SistemaNegocio.csproj", "{D1B5A596-432C-4364-B292-DD4EF5D0397B}"
EndProject
Project("{9A19103F-16F7-4668-BE54-9A1E7A4F7556}") = "SistemaPresentacion", "..\SistemaPresentacion\SistemaPresentacion.csproj", "{4F019ED4-FA94-4058-996A-B5C599B6DED9}"
EndProject
Global
	GlobalSection(SolutionConfigurationPlatforms) = preSolution
		Debug|Any CPU = Debug|Any CPU
		Release|Any CPU = Release|Any CPU
	EndGlobalSection
	GlobalSection(ProjectConfigurationPlatforms) = postSolution
		{C4077BFC-5990-4D4D-9B76-1749403F2A2E}.Debug|Any CPU.ActiveCfg = Debug|Any CPU
		{C4077BFC-5990-4D4D-9B76-1749403F2A2E}.Debug|Any CPU.Build.0 = Debug|Any CPU
		{C4077BFC-5990-4D4D-9B76-1749403F2A2E}.Release|Any CPU.ActiveCfg = Release|Any CPU
		{C4077BFC-5990-4D4D-9B76-1749403F2A2E}.Release|Any CPU.Build.0 = Release|Any CPU
		{58B50D2B-0963-4556-B212-962937C77916}.Debug|Any CPU.ActiveCfg = Debug|Any CPU
		{58B50D2B-0963-4556-B212-962937C77916}.Debug|Any CPU.Build.0 = Debug|Any CPU
		{58B50D2B-0963-4556-B212-962937C77916}.Release|Any CPU.ActiveCfg = Release|Any CPU
		{58B50D2B-0963-4556-B212-962937C77916}.Release|Any CPU.Build.0 = Release|Any CPU
		{D1B5A596-432C-4364-B292-DD4EF5D0397B}.Debug|Any CPU.ActiveCfg = Debug|Any CPU
		{D1B5A596-432C-4364-B292-DD4EF5D0397B}.Debug|Any CPU.Build.0 = Debug|Any CPU
		{D1B5A596-432C-4364-B292-DD4EF5D0397B}.Release|Any CPU.ActiveCfg = Release|Any CPU
		{D1B5A596-432C-4364-B292-DD4EF5D0397B}.Release|Any CPU.Build.0 = Release|Any CPU
		{4F019ED4-FA94-4058-996A-B5C599B6DED9}.Debug|Any CPU.ActiveCfg = Debug|Any CPU
		{4F019ED4-FA94-4058-996A-B5C599B6DED9}.Debug|Any CPU.Build.0 = Debug|Any CPU
		{4F019ED4-FA94-4058-996A-B5C599B6DED9}.Release|Any CPU.ActiveCfg = Release|Any CPU
		{4F019ED4-FA94-4058-996A-B5C599B6DED9}.Release|Any CPU.Build.0 = Release|Any CPU
	EndGlobalSection
	GlobalSection(SolutionProperties) = preSolution
		HideSolutionNode = FALSE
	EndGlobalSection
	GlobalSection(ExtensibilityGlobals) = postSolution
		SolutionGuid = {03184A4C-E764-4A8B-A405-9562A599F5B5}
	EndGlobalSection
EndGlobal
