
Microsoft Visual Studio Solution File, Format Version 12.00
# Visual Studio Version 16
VisualStudioVersion = 16.0.31229.75
MinimumVisualStudioVersion = 10.0.40219.1
Project("{FAE04EC0-301F-11D3-BF4B-00C04F79EFBC}") = "ProyectoPCN", "ProyectoPCN.csproj", "{C4077BFC-5990-4D4D-9B76-1749403F2A2E}"
EndProject
Project("{FAE04EC0-301F-11D3-BF4B-00C04F79EFBC}") = "hola", "..\hola\hola.csproj", "{A11BE684-F009-4A1D-AD30-92289C5E24D6}"
EndProject
Global
	GlobalSection(SolutionConfigurationPlatforms) = preSolution
		Debug|Any CPU = Debug|Any CPU
		Release|Any CPU = Release|Any CPU
	EndGlobalSection
	GlobalSection(ProjectConfigurationPlatforms) = postSolution
		{C4077BFC-5990-4D4D-9B76-1749403F2A2E}.Debug|Any CPU.ActiveCfg = Debug|Any CPU
		{C4077BFC-5990-4D4D-9B76-1749403F2A2E}.Debug|Any CPU.Build.0 = Debug|Any CPU
		{C4077BFC-5990-4D4D-9B76-1749403F2A2E}.Release|Any CPU.ActiveCfg = Release|Any CPU
		{C4077BFC-5990-4D4D-9B76-1749403F2A2E}.Release|Any CPU.Build.0 = Release|Any CPU
		{A11BE684-F009-4A1D-AD30-92289C5E24D6}.Debug|Any CPU.ActiveCfg = Debug|Any CPU
		{A11BE684-F009-4A1D-AD30-92289C5E24D6}.Debug|Any CPU.Build.0 = Debug|Any CPU
		{A11BE684-F009-4A1D-AD30-92289C5E24D6}.Release|Any CPU.ActiveCfg = Release|Any CPU
		{A11BE684-F009-4A1D-AD30-92289C5E24D6}.Release|Any CPU.Build.0 = Release|Any CPU
	EndGlobalSection
	GlobalSection(SolutionProperties) = preSolution
		HideSolutionNode = FALSE
	EndGlobalSection
	GlobalSection(ExtensibilityGlobals) = postSolution
		SolutionGuid = {03184A4C-E764-4A8B-A405-9562A599F5B5}
	EndGlobalSection
EndGlobal
